
Microsoft Visual Studio Solution File, Format Version 12.00
# Visual Studio Version 17
VisualStudioVersion = 17.3.32929.385
MinimumVisualStudioVersion = 10.0.40219.1
Project("{FAE04EC0-301F-11D3-BF4B-00C04F79EFBC}") = "BlazorDatabase.Server", "BlazorDatabase\Server\BlazorDatabase.Server.csproj", "{4F545B1D-DE28-4160-9FA6-71A8D6C06D27}"
EndProject
Project("{FAE04EC0-301F-11D3-BF4B-00C04F79EFBC}") = "BlazorDatabase.Client", "BlazorDatabase\Client\BlazorDatabase.Client.csproj", "{FE165958-7043-4818-98AC-6DAE7F3F1FDC}"
EndProject
Project("{FAE04EC0-301F-11D3-BF4B-00C04F79EFBC}") = "BlazorDatabase.Shared", "BlazorDatabase\Shared\BlazorDatabase.Shared.csproj", "{AA0DD317-0F74-4EE2-B367-F4F78E390A16}"
EndProject
Global
	GlobalSection(SolutionConfigurationPlatforms) = preSolution
		Debug|Any CPU = Debug|Any CPU
		Release|Any CPU = Release|Any CPU
	EndGlobalSection
	GlobalSection(ProjectConfigurationPlatforms) = postSolution
		{4F545B1D-DE28-4160-9FA6-71A8D6C06D27}.Debug|Any CPU.ActiveCfg = Debug|Any CPU
		{4F545B1D-DE28-4160-9FA6-71A8D6C06D27}.Debug|Any CPU.Build.0 = Debug|Any CPU
		{4F545B1D-DE28-4160-9FA6-71A8D6C06D27}.Release|Any CPU.ActiveCfg = Release|Any CPU
		{4F545B1D-DE28-4160-9FA6-71A8D6C06D27}.Release|Any CPU.Build.0 = Release|Any CPU
		{FE165958-7043-4818-98AC-6DAE7F3F1FDC}.Debug|Any CPU.ActiveCfg = Debug|Any CPU
		{FE165958-7043-4818-98AC-6DAE7F3F1FDC}.Debug|Any CPU.Build.0 = Debug|Any CPU
		{FE165958-7043-4818-98AC-6DAE7F3F1FDC}.Release|Any CPU.ActiveCfg = Release|Any CPU
		{FE165958-7043-4818-98AC-6DAE7F3F1FDC}.Release|Any CPU.Build.0 = Release|Any CPU
		{AA0DD317-0F74-4EE2-B367-F4F78E390A16}.Debug|Any CPU.ActiveCfg = Debug|Any CPU
		{AA0DD317-0F74-4EE2-B367-F4F78E390A16}.Debug|Any CPU.Build.0 = Debug|Any CPU
		{AA0DD317-0F74-4EE2-B367-F4F78E390A16}.Release|Any CPU.ActiveCfg = Release|Any CPU
		{AA0DD317-0F74-4EE2-B367-F4F78E390A16}.Release|Any CPU.Build.0 = Release|Any CPU
	EndGlobalSection
	GlobalSection(SolutionProperties) = preSolution
		HideSolutionNode = FALSE
	EndGlobalSection
	GlobalSection(ExtensibilityGlobals) = postSolution
		SolutionGuid = {CE39D5CC-53AB-4A49-AA6F-D57A7DC08E6B}
	EndGlobalSection
EndGlobal
